
Microsoft Visual Studio Solution File, Format Version 12.00
# Visual Studio Version 17
VisualStudioVersion = 17.10.34916.146
MinimumVisualStudioVersion = 10.0.40219.1
Project("{FAE04EC0-301F-11D3-BF4B-00C04F79EFBC}") = "WebApplication2", "WebApplication2\WebApplication2.csproj", "{7642403E-9BF6-4FCF-BD6D-0C85424768EA}"
EndProject
Project("{FAE04EC0-301F-11D3-BF4B-00C04F79EFBC}") = "services", "services\services.csproj", "{EEA27731-FD67-46CB-975B-B5B7B5238E85}"
EndProject
Project("{FAE04EC0-301F-11D3-BF4B-00C04F79EFBC}") = "DatatLayer", "DatatLayer\DatatLayer.csproj", "{5AC26F32-D910-4AD2-A5A8-8CADD8934966}"
EndProject
Global
	GlobalSection(SolutionConfigurationPlatforms) = preSolution
		Debug|Any CPU = Debug|Any CPU
		Release|Any CPU = Release|Any CPU
	EndGlobalSection
	GlobalSection(ProjectConfigurationPlatforms) = postSolution
		{7642403E-9BF6-4FCF-BD6D-0C85424768EA}.Debug|Any CPU.ActiveCfg = Debug|Any CPU
		{7642403E-9BF6-4FCF-BD6D-0C85424768EA}.Debug|Any CPU.Build.0 = Debug|Any CPU
		{7642403E-9BF6-4FCF-BD6D-0C85424768EA}.Release|Any CPU.ActiveCfg = Release|Any CPU
		{7642403E-9BF6-4FCF-BD6D-0C85424768EA}.Release|Any CPU.Build.0 = Release|Any CPU
		{EEA27731-FD67-46CB-975B-B5B7B5238E85}.Debug|Any CPU.ActiveCfg = Debug|Any CPU
		{EEA27731-FD67-46CB-975B-B5B7B5238E85}.Debug|Any CPU.Build.0 = Debug|Any CPU
		{EEA27731-FD67-46CB-975B-B5B7B5238E85}.Release|Any CPU.ActiveCfg = Release|Any CPU
		{EEA27731-FD67-46CB-975B-B5B7B5238E85}.Release|Any CPU.Build.0 = Release|Any CPU
		{5AC26F32-D910-4AD2-A5A8-8CADD8934966}.Debug|Any CPU.ActiveCfg = Debug|Any CPU
		{5AC26F32-D910-4AD2-A5A8-8CADD8934966}.Debug|Any CPU.Build.0 = Debug|Any CPU
		{5AC26F32-D910-4AD2-A5A8-8CADD8934966}.Release|Any CPU.ActiveCfg = Release|Any CPU
		{5AC26F32-D910-4AD2-A5A8-8CADD8934966}.Release|Any CPU.Build.0 = Release|Any CPU
	EndGlobalSection
	GlobalSection(SolutionProperties) = preSolution
		HideSolutionNode = FALSE
	EndGlobalSection
	GlobalSection(ExtensibilityGlobals) = postSolution
		SolutionGuid = {C9F98302-6AC5-4167-B96B-2AA2112EE8B3}
	EndGlobalSection
EndGlobal
