
Microsoft Visual Studio Solution File, Format Version 12.00
# Visual Studio Version 17
VisualStudioVersion = 17.9.34902.65
MinimumVisualStudioVersion = 10.0.40219.1
Project("{FAE04EC0-301F-11D3-BF4B-00C04F79EFBC}") = "WebApplication3", "WebApplication3\WebApplication3.csproj", "{06D56C1C-9394-4BBB-B43D-AE7079A8B63F}"
EndProject
Global
	GlobalSection(SolutionConfigurationPlatforms) = preSolution
		Debug|Any CPU = Debug|Any CPU
		Release|Any CPU = Release|Any CPU
	EndGlobalSection
	GlobalSection(ProjectConfigurationPlatforms) = postSolution
		{06D56C1C-9394-4BBB-B43D-AE7079A8B63F}.Debug|Any CPU.ActiveCfg = Debug|Any CPU
		{06D56C1C-9394-4BBB-B43D-AE7079A8B63F}.Debug|Any CPU.Build.0 = Debug|Any CPU
		{06D56C1C-9394-4BBB-B43D-AE7079A8B63F}.Release|Any CPU.ActiveCfg = Release|Any CPU
		{06D56C1C-9394-4BBB-B43D-AE7079A8B63F}.Release|Any CPU.Build.0 = Release|Any CPU
	EndGlobalSection
	GlobalSection(SolutionProperties) = preSolution
		HideSolutionNode = FALSE
	EndGlobalSection
	GlobalSection(ExtensibilityGlobals) = postSolution
		SolutionGuid = {BA471F20-3B39-446D-8D4D-6A8D504BD6F5}
	EndGlobalSection
EndGlobal
